
Microsoft Visual Studio Solution File, Format Version 12.00
# Visual Studio 15
VisualStudioVersion = 15.0.28307.421
MinimumVisualStudioVersion = 10.0.40219.1
Project("{FAE04EC0-301F-11D3-BF4B-00C04F79EFBC}") = "GraMonolitycznie", "GraMonolitycznie\GraMonolitycznie.csproj", "{69A39FFD-D370-470C-A1DE-1BA903962692}"
EndProject
Global
	GlobalSection(SolutionConfigurationPlatforms) = preSolution
		Debug|Any CPU = Debug|Any CPU
		Release|Any CPU = Release|Any CPU
	EndGlobalSection
	GlobalSection(ProjectConfigurationPlatforms) = postSolution
		{69A39FFD-D370-470C-A1DE-1BA903962692}.Debug|Any CPU.ActiveCfg = Debug|Any CPU
		{69A39FFD-D370-470C-A1DE-1BA903962692}.Debug|Any CPU.Build.0 = Debug|Any CPU
		{69A39FFD-D370-470C-A1DE-1BA903962692}.Release|Any CPU.ActiveCfg = Release|Any CPU
		{69A39FFD-D370-470C-A1DE-1BA903962692}.Release|Any CPU.Build.0 = Release|Any CPU
	EndGlobalSection
	GlobalSection(SolutionProperties) = preSolution
		HideSolutionNode = FALSE
	EndGlobalSection
	GlobalSection(ExtensibilityGlobals) = postSolution
		SolutionGuid = {C64184BB-ACA0-405F-9F24-EAEF44122CE8}
	EndGlobalSection
EndGlobal
